
Microsoft Visual Studio Solution File, Format Version 12.00
# Visual Studio 15
VisualStudioVersion = 15.0.28307.438
MinimumVisualStudioVersion = 10.0.40219.1
Project("{2150E333-8FDC-42A3-9474-1A3956D46DE8}") = ".nuget", ".nuget", "{1F1B4F0F-2998-4D74-865B-9122611C2B14}"
	ProjectSection(SolutionItems) = preProject
		.nuget\NuGet.Config = .nuget\NuGet.Config
		.nuget\NuGet.exe = .nuget\NuGet.exe
		.nuget\NuGet.targets = .nuget\NuGet.targets
	EndProjectSection
EndProject
Project("{6EC3EE1D-3C4E-46DD-8F32-0CC8E7565705}") = "fslex", "src\FsLex\fslex.fsproj", "{BD2284A5-AA4D-442D-B4FB-E43B2FE9DD2A}"
EndProject
Project("{6EC3EE1D-3C4E-46DD-8F32-0CC8E7565705}") = "fsyacc", "src\FsYacc\fsyacc.fsproj", "{DDD90630-1CDA-4CB3-9A0A-6A1253478C2D}"
EndProject
Project("{2150E333-8FDC-42A3-9474-1A3956D46DE8}") = "project", "project", "{BF60BC93-E09B-4E5F-9D85-95A519479D54}"
	ProjectSection(SolutionItems) = preProject
		build.fsx = build.fsx
		nuget\FsLexYacc.nuspec = nuget\FsLexYacc.nuspec
		nuget\FsLexYacc.Runtime.nuspec = nuget\FsLexYacc.Runtime.nuspec
		README.md = README.md
		RELEASE_NOTES.md = RELEASE_NOTES.md
	EndProjectSection
EndProject
Project("{2150E333-8FDC-42A3-9474-1A3956D46DE8}") = "tests", "tests", "{ED8079DD-2B06-4030-9F0F-DC548F98E1C4}"
	ProjectSection(SolutionItems) = preProject
		tests\fsyacc\OldFsYaccTests.fsx = tests\fsyacc\OldFsYaccTests.fsx
	EndProjectSection
EndProject
Project("{6EC3EE1D-3C4E-46DD-8F32-0CC8E7565705}") = "FsLexYacc.Runtime", "src\FsLexYacc.Runtime\FsLexYacc.Runtime.fsproj", "{7E90D6CE-A10B-4858-A5BC-41DF7250CBCC}"
EndProject
Project("{6EC3EE1D-3C4E-46DD-8F32-0CC8E7565705}") = "JsonLexAndYaccExample", "tests\JsonLexAndYaccExample\JsonLexAndYaccExample.fsproj", "{3A7662D3-A30C-4BD4-BA0A-08A53DC59445}"
	ProjectSection(ProjectDependencies) = postProject
		{DDD90630-1CDA-4CB3-9A0A-6A1253478C2D} = {DDD90630-1CDA-4CB3-9A0A-6A1253478C2D}
		{BD2284A5-AA4D-442D-B4FB-E43B2FE9DD2A} = {BD2284A5-AA4D-442D-B4FB-E43B2FE9DD2A}
	EndProjectSection
EndProject
Project("{6EC3EE1D-3C4E-46DD-8F32-0CC8E7565705}") = "LexAndYaccMiniProject", "tests\LexAndYaccMiniProject\LexAndYaccMiniProject.fsproj", "{91D0BE7A-E128-498A-BB68-6ED65A582E04}"
	ProjectSection(ProjectDependencies) = postProject
		{DDD90630-1CDA-4CB3-9A0A-6A1253478C2D} = {DDD90630-1CDA-4CB3-9A0A-6A1253478C2D}
		{BD2284A5-AA4D-442D-B4FB-E43B2FE9DD2A} = {BD2284A5-AA4D-442D-B4FB-E43B2FE9DD2A}
	EndProjectSection
EndProject
Project("{2150E333-8FDC-42A3-9474-1A3956D46DE8}") = "docsrc", "docsrc", "{4BB66375-380B-4EBD-9BA6-40CE92EB3D98}"
	ProjectSection(SolutionItems) = preProject
		docsrc\content\fslex.md = docsrc\content\fslex.md
		docsrc\content\fsyacc.md = docsrc\content\fsyacc.md
		docsrc\generate.fsx = docsrc\generate.fsx
		docsrc\content\index.fsx = docsrc\content\index.fsx
		docsrc\content\jsonParserExample.md = docsrc\content\jsonParserExample.md
		docsrc\templates\template.cshtml = docsrc\templates\template.cshtml
	EndProjectSection
EndProject
Global
	GlobalSection(SolutionConfigurationPlatforms) = preSolution
		Debug|Any CPU = Debug|Any CPU
		Debug|Mixed Platforms = Debug|Mixed Platforms
		Debug|x86 = Debug|x86
		Release|Any CPU = Release|Any CPU
		Release|Mixed Platforms = Release|Mixed Platforms
		Release|x86 = Release|x86
	EndGlobalSection
	GlobalSection(ProjectConfigurationPlatforms) = postSolution
		{BD2284A5-AA4D-442D-B4FB-E43B2FE9DD2A}.Debug|Any CPU.ActiveCfg = Debug|Any CPU
		{BD2284A5-AA4D-442D-B4FB-E43B2FE9DD2A}.Debug|Any CPU.Build.0 = Debug|Any CPU
		{BD2284A5-AA4D-442D-B4FB-E43B2FE9DD2A}.Debug|Mixed Platforms.ActiveCfg = Debug|Any CPU
		{BD2284A5-AA4D-442D-B4FB-E43B2FE9DD2A}.Debug|Mixed Platforms.Build.0 = Debug|Any CPU
		{BD2284A5-AA4D-442D-B4FB-E43B2FE9DD2A}.Debug|x86.ActiveCfg = Debug|Any CPU
		{BD2284A5-AA4D-442D-B4FB-E43B2FE9DD2A}.Release|Any CPU.ActiveCfg = Release|Any CPU
		{BD2284A5-AA4D-442D-B4FB-E43B2FE9DD2A}.Release|Any CPU.Build.0 = Release|Any CPU
		{BD2284A5-AA4D-442D-B4FB-E43B2FE9DD2A}.Release|Mixed Platforms.ActiveCfg = Release|Any CPU
		{BD2284A5-AA4D-442D-B4FB-E43B2FE9DD2A}.Release|Mixed Platforms.Build.0 = Release|Any CPU
		{BD2284A5-AA4D-442D-B4FB-E43B2FE9DD2A}.Release|x86.ActiveCfg = Release|Any CPU
		{DDD90630-1CDA-4CB3-9A0A-6A1253478C2D}.Debug|Any CPU.ActiveCfg = Debug|Any CPU
		{DDD90630-1CDA-4CB3-9A0A-6A1253478C2D}.Debug|Any CPU.Build.0 = Debug|Any CPU
		{DDD90630-1CDA-4CB3-9A0A-6A1253478C2D}.Debug|Mixed Platforms.ActiveCfg = Debug|Any CPU
		{DDD90630-1CDA-4CB3-9A0A-6A1253478C2D}.Debug|Mixed Platforms.Build.0 = Debug|Any CPU
		{DDD90630-1CDA-4CB3-9A0A-6A1253478C2D}.Debug|x86.ActiveCfg = Debug|Any CPU
		{DDD90630-1CDA-4CB3-9A0A-6A1253478C2D}.Release|Any CPU.ActiveCfg = Release|Any CPU
		{DDD90630-1CDA-4CB3-9A0A-6A1253478C2D}.Release|Any CPU.Build.0 = Release|Any CPU
		{DDD90630-1CDA-4CB3-9A0A-6A1253478C2D}.Release|Mixed Platforms.ActiveCfg = Release|Any CPU
		{DDD90630-1CDA-4CB3-9A0A-6A1253478C2D}.Release|Mixed Platforms.Build.0 = Release|Any CPU
		{DDD90630-1CDA-4CB3-9A0A-6A1253478C2D}.Release|x86.ActiveCfg = Release|Any CPU
		{7E90D6CE-A10B-4858-A5BC-41DF7250CBCC}.Debug|Any CPU.ActiveCfg = Debug|Any CPU
		{7E90D6CE-A10B-4858-A5BC-41DF7250CBCC}.Debug|Any CPU.Build.0 = Debug|Any CPU
		{7E90D6CE-A10B-4858-A5BC-41DF7250CBCC}.Debug|Mixed Platforms.ActiveCfg = Debug|Any CPU
		{7E90D6CE-A10B-4858-A5BC-41DF7250CBCC}.Debug|Mixed Platforms.Build.0 = Debug|Any CPU
		{7E90D6CE-A10B-4858-A5BC-41DF7250CBCC}.Debug|x86.ActiveCfg = Debug|Any CPU
		{7E90D6CE-A10B-4858-A5BC-41DF7250CBCC}.Release|Any CPU.ActiveCfg = Release|Any CPU
		{7E90D6CE-A10B-4858-A5BC-41DF7250CBCC}.Release|Any CPU.Build.0 = Release|Any CPU
		{7E90D6CE-A10B-4858-A5BC-41DF7250CBCC}.Release|Mixed Platforms.ActiveCfg = Release|Any CPU
		{7E90D6CE-A10B-4858-A5BC-41DF7250CBCC}.Release|Mixed Platforms.Build.0 = Release|Any CPU
		{7E90D6CE-A10B-4858-A5BC-41DF7250CBCC}.Release|x86.ActiveCfg = Release|Any CPU
		{3A7662D3-A30C-4BD4-BA0A-08A53DC59445}.Debug|Any CPU.ActiveCfg = Debug|Any CPU
		{3A7662D3-A30C-4BD4-BA0A-08A53DC59445}.Debug|Any CPU.Build.0 = Debug|Any CPU
		{3A7662D3-A30C-4BD4-BA0A-08A53DC59445}.Debug|Mixed Platforms.ActiveCfg = Debug|Any CPU
		{3A7662D3-A30C-4BD4-BA0A-08A53DC59445}.Debug|Mixed Platforms.Build.0 = Debug|Any CPU
		{3A7662D3-A30C-4BD4-BA0A-08A53DC59445}.Debug|x86.ActiveCfg = Debug|Any CPU
		{3A7662D3-A30C-4BD4-BA0A-08A53DC59445}.Debug|x86.Build.0 = Debug|Any CPU
		{3A7662D3-A30C-4BD4-BA0A-08A53DC59445}.Release|Any CPU.ActiveCfg = Release|Any CPU
		{3A7662D3-A30C-4BD4-BA0A-08A53DC59445}.Release|Any CPU.Build.0 = Release|Any CPU
		{3A7662D3-A30C-4BD4-BA0A-08A53DC59445}.Release|Mixed Platforms.ActiveCfg = Release|Any CPU
		{3A7662D3-A30C-4BD4-BA0A-08A53DC59445}.Release|Mixed Platforms.Build.0 = Release|Any CPU
		{3A7662D3-A30C-4BD4-BA0A-08A53DC59445}.Release|x86.ActiveCfg = Release|Any CPU
		{3A7662D3-A30C-4BD4-BA0A-08A53DC59445}.Release|x86.Build.0 = Release|Any CPU
		{91D0BE7A-E128-498A-BB68-6ED65A582E04}.Debug|Any CPU.ActiveCfg = Debug|Any CPU
		{91D0BE7A-E128-498A-BB68-6ED65A582E04}.Debug|Any CPU.Build.0 = Debug|Any CPU
		{91D0BE7A-E128-498A-BB68-6ED65A582E04}.Debug|Mixed Platforms.ActiveCfg = Debug|Any CPU
		{91D0BE7A-E128-498A-BB68-6ED65A582E04}.Debug|Mixed Platforms.Build.0 = Debug|Any CPU
		{91D0BE7A-E128-498A-BB68-6ED65A582E04}.Debug|x86.ActiveCfg = Debug|Any CPU
		{91D0BE7A-E128-498A-BB68-6ED65A582E04}.Debug|x86.Build.0 = Debug|Any CPU
		{91D0BE7A-E128-498A-BB68-6ED65A582E04}.Release|Any CPU.ActiveCfg = Release|Any CPU
		{91D0BE7A-E128-498A-BB68-6ED65A582E04}.Release|Any CPU.Build.0 = Release|Any CPU
		{91D0BE7A-E128-498A-BB68-6ED65A582E04}.Release|Mixed Platforms.ActiveCfg = Release|Any CPU
		{91D0BE7A-E128-498A-BB68-6ED65A582E04}.Release|Mixed Platforms.Build.0 = Release|Any CPU
		{91D0BE7A-E128-498A-BB68-6ED65A582E04}.Release|x86.ActiveCfg = Release|Any CPU
		{91D0BE7A-E128-498A-BB68-6ED65A582E04}.Release|x86.Build.0 = Release|Any CPU
	EndGlobalSection
	GlobalSection(SolutionProperties) = preSolution
		HideSolutionNode = FALSE
	EndGlobalSection
	GlobalSection(NestedProjects) = preSolution
		{3A7662D3-A30C-4BD4-BA0A-08A53DC59445} = {ED8079DD-2B06-4030-9F0F-DC548F98E1C4}
		{91D0BE7A-E128-498A-BB68-6ED65A582E04} = {ED8079DD-2B06-4030-9F0F-DC548F98E1C4}
	EndGlobalSection
	GlobalSection(ExtensibilityGlobals) = postSolution
		SolutionGuid = {5F6E586E-166D-4397-A502-18C61E31AA9C}
	EndGlobalSection
EndGlobal
